
Microsoft Visual Studio Solution File, Format Version 12.00
# Visual Studio Version 17
VisualStudioVersion = 17.9.34714.143
MinimumVisualStudioVersion = 10.0.40219.1
Project("{2150E333-8FDC-42A3-9474-1A3956D46DE8}") = "SolutionItems", "SolutionItems", "{CF8515D1-DE4C-44DB-89D6-D1AFDC84CCFB}"
	ProjectSection(SolutionItems) = preProject
		Directory.Packages.props = Directory.Packages.props
	EndProjectSection
EndProject
Project("{2150E333-8FDC-42A3-9474-1A3956D46DE8}") = "src", "src", "{3E37ABE9-361E-4DF0-A20F-356C3F94D7AC}"
EndProject
Project("{9A19103F-16F7-4668-BE54-9A1E7A4F7556}") = "API", "src\API\API.csproj", "{EFB18637-1108-4109-9323-CB26C482BB54}"
EndProject
Project("{9A19103F-16F7-4668-BE54-9A1E7A4F7556}") = "Application", "src\Application\Application.csproj", "{B4695D7B-4FB2-446E-984C-D4E8D87DE4AA}"
EndProject
Project("{9A19103F-16F7-4668-BE54-9A1E7A4F7556}") = "Core", "src\Core\Core.csproj", "{BACCC589-9F88-4049-A645-AF0B264CCACF}"
EndProject
Project("{9A19103F-16F7-4668-BE54-9A1E7A4F7556}") = "Infrastructure", "src\Infrastructure\Infrastructure.csproj", "{A41ECD0C-D008-4F50-B5C0-2E1100B00270}"
EndProject
Global
	GlobalSection(SolutionConfigurationPlatforms) = preSolution
		Debug|Any CPU = Debug|Any CPU
		Release|Any CPU = Release|Any CPU
	EndGlobalSection
	GlobalSection(ProjectConfigurationPlatforms) = postSolution
		{EFB18637-1108-4109-9323-CB26C482BB54}.Debug|Any CPU.ActiveCfg = Debug|Any CPU
		{EFB18637-1108-4109-9323-CB26C482BB54}.Debug|Any CPU.Build.0 = Debug|Any CPU
		{EFB18637-1108-4109-9323-CB26C482BB54}.Release|Any CPU.ActiveCfg = Release|Any CPU
		{EFB18637-1108-4109-9323-CB26C482BB54}.Release|Any CPU.Build.0 = Release|Any CPU
		{B4695D7B-4FB2-446E-984C-D4E8D87DE4AA}.Debug|Any CPU.ActiveCfg = Debug|Any CPU
		{B4695D7B-4FB2-446E-984C-D4E8D87DE4AA}.Debug|Any CPU.Build.0 = Debug|Any CPU
		{B4695D7B-4FB2-446E-984C-D4E8D87DE4AA}.Release|Any CPU.ActiveCfg = Release|Any CPU
		{B4695D7B-4FB2-446E-984C-D4E8D87DE4AA}.Release|Any CPU.Build.0 = Release|Any CPU
		{BACCC589-9F88-4049-A645-AF0B264CCACF}.Debug|Any CPU.ActiveCfg = Debug|Any CPU
		{BACCC589-9F88-4049-A645-AF0B264CCACF}.Debug|Any CPU.Build.0 = Debug|Any CPU
		{BACCC589-9F88-4049-A645-AF0B264CCACF}.Release|Any CPU.ActiveCfg = Release|Any CPU
		{BACCC589-9F88-4049-A645-AF0B264CCACF}.Release|Any CPU.Build.0 = Release|Any CPU
		{A41ECD0C-D008-4F50-B5C0-2E1100B00270}.Debug|Any CPU.ActiveCfg = Debug|Any CPU
		{A41ECD0C-D008-4F50-B5C0-2E1100B00270}.Debug|Any CPU.Build.0 = Debug|Any CPU
		{A41ECD0C-D008-4F50-B5C0-2E1100B00270}.Release|Any CPU.ActiveCfg = Release|Any CPU
		{A41ECD0C-D008-4F50-B5C0-2E1100B00270}.Release|Any CPU.Build.0 = Release|Any CPU
	EndGlobalSection
	GlobalSection(SolutionProperties) = preSolution
		HideSolutionNode = FALSE
	EndGlobalSection
	GlobalSection(NestedProjects) = preSolution
		{EFB18637-1108-4109-9323-CB26C482BB54} = {3E37ABE9-361E-4DF0-A20F-356C3F94D7AC}
		{B4695D7B-4FB2-446E-984C-D4E8D87DE4AA} = {3E37ABE9-361E-4DF0-A20F-356C3F94D7AC}
		{BACCC589-9F88-4049-A645-AF0B264CCACF} = {3E37ABE9-361E-4DF0-A20F-356C3F94D7AC}
		{A41ECD0C-D008-4F50-B5C0-2E1100B00270} = {3E37ABE9-361E-4DF0-A20F-356C3F94D7AC}
	EndGlobalSection
	GlobalSection(ExtensibilityGlobals) = postSolution
		SolutionGuid = {3A3FDDC6-BDB0-4F37-B908-ED90335D99D5}
	EndGlobalSection
EndGlobal
