
Microsoft Visual Studio Solution File, Format Version 12.00
# Visual Studio Version 17
VisualStudioVersion = 17.9.34714.143
MinimumVisualStudioVersion = 10.0.40219.1
Project("{FAE04EC0-301F-11D3-BF4B-00C04F79EFBC}") = "Application", "Application\Application.csproj", "{170130E3-272B-49B5-8E44-CBCDEF99E293}"
EndProject
Project("{2150E333-8FDC-42A3-9474-1A3956D46DE8}") = "SolutionItems", "SolutionItems", "{CF8515D1-DE4C-44DB-89D6-D1AFDC84CCFB}"
	ProjectSection(SolutionItems) = preProject
		Directory.Packages.props = Directory.Packages.props
	EndProjectSection
EndProject
Project("{FAE04EC0-301F-11D3-BF4B-00C04F79EFBC}") = "Core", "Core\Core.csproj", "{017E0A74-CD4E-4501-BBC4-CA24E64B4A82}"
EndProject
Project("{FAE04EC0-301F-11D3-BF4B-00C04F79EFBC}") = "Infrastructure", "Infrastructure\Infrastructure.csproj", "{B00C2C2F-9BD1-4FBD-BC8B-CE3EEFDF0F31}"
EndProject
Project("{FAE04EC0-301F-11D3-BF4B-00C04F79EFBC}") = "API", "API\API.csproj", "{91E044F0-00B2-461C-A346-D64866759E2D}"
EndProject
Project("{2150E333-8FDC-42A3-9474-1A3956D46DE8}") = "src", "src", "{DF870E2F-E944-46DB-9B39-DC0404599DDA}"
EndProject
Project("{2150E333-8FDC-42A3-9474-1A3956D46DE8}") = "tests", "tests", "{7DE4E89E-E7D3-4EEA-81FA-803D50FD9D35}"
EndProject
Global
	GlobalSection(SolutionConfigurationPlatforms) = preSolution
		Debug|Any CPU = Debug|Any CPU
		Release|Any CPU = Release|Any CPU
	EndGlobalSection
	GlobalSection(ProjectConfigurationPlatforms) = postSolution
		{170130E3-272B-49B5-8E44-CBCDEF99E293}.Debug|Any CPU.ActiveCfg = Debug|Any CPU
		{170130E3-272B-49B5-8E44-CBCDEF99E293}.Debug|Any CPU.Build.0 = Debug|Any CPU
		{170130E3-272B-49B5-8E44-CBCDEF99E293}.Release|Any CPU.ActiveCfg = Release|Any CPU
		{170130E3-272B-49B5-8E44-CBCDEF99E293}.Release|Any CPU.Build.0 = Release|Any CPU
		{017E0A74-CD4E-4501-BBC4-CA24E64B4A82}.Debug|Any CPU.ActiveCfg = Debug|Any CPU
		{017E0A74-CD4E-4501-BBC4-CA24E64B4A82}.Debug|Any CPU.Build.0 = Debug|Any CPU
		{017E0A74-CD4E-4501-BBC4-CA24E64B4A82}.Release|Any CPU.ActiveCfg = Release|Any CPU
		{017E0A74-CD4E-4501-BBC4-CA24E64B4A82}.Release|Any CPU.Build.0 = Release|Any CPU
		{B00C2C2F-9BD1-4FBD-BC8B-CE3EEFDF0F31}.Debug|Any CPU.ActiveCfg = Debug|Any CPU
		{B00C2C2F-9BD1-4FBD-BC8B-CE3EEFDF0F31}.Debug|Any CPU.Build.0 = Debug|Any CPU
		{B00C2C2F-9BD1-4FBD-BC8B-CE3EEFDF0F31}.Release|Any CPU.ActiveCfg = Release|Any CPU
		{B00C2C2F-9BD1-4FBD-BC8B-CE3EEFDF0F31}.Release|Any CPU.Build.0 = Release|Any CPU
		{91E044F0-00B2-461C-A346-D64866759E2D}.Debug|Any CPU.ActiveCfg = Debug|Any CPU
		{91E044F0-00B2-461C-A346-D64866759E2D}.Debug|Any CPU.Build.0 = Debug|Any CPU
		{91E044F0-00B2-461C-A346-D64866759E2D}.Release|Any CPU.ActiveCfg = Release|Any CPU
		{91E044F0-00B2-461C-A346-D64866759E2D}.Release|Any CPU.Build.0 = Release|Any CPU
	EndGlobalSection
	GlobalSection(SolutionProperties) = preSolution
		HideSolutionNode = FALSE
	EndGlobalSection
	GlobalSection(NestedProjects) = preSolution
		{170130E3-272B-49B5-8E44-CBCDEF99E293} = {DF870E2F-E944-46DB-9B39-DC0404599DDA}
		{017E0A74-CD4E-4501-BBC4-CA24E64B4A82} = {DF870E2F-E944-46DB-9B39-DC0404599DDA}
		{B00C2C2F-9BD1-4FBD-BC8B-CE3EEFDF0F31} = {DF870E2F-E944-46DB-9B39-DC0404599DDA}
		{91E044F0-00B2-461C-A346-D64866759E2D} = {DF870E2F-E944-46DB-9B39-DC0404599DDA}
	EndGlobalSection
	GlobalSection(ExtensibilityGlobals) = postSolution
		SolutionGuid = {3A3FDDC6-BDB0-4F37-B908-ED90335D99D5}
	EndGlobalSection
EndGlobal
